{
  "originHash" : "1fee969fb9089e3e13c6ad236a7d9dd993d119d1eeb532fd936b86b9c38cb7b6",
  "pins" : [
    {
      "identity" : "capnostreamkit",
      "kind" : "remoteSourceControl",
      "location" : "https://github.com/LinkAndreas/CapnostreamKit",
      "state" : {
        "revision" : "fe08e4014038986b52030884f6d9a69768dc981a",
        "version" : "1.2.0"
      }
    },
    {
      "identity" : "navigationkit",
      "kind" : "remoteSourceControl",
      "location" : "https://github.com/LinkAndreas/NavigationKit",
      "state" : {
        "revision" : "b4a42f42f1032ca33a294dd48f15eee5aadbfba4",
        "version" : "3.0.0"
      }
    }
  ],
  "version" : 3
}
