{
  "originHash" : "1fee969fb9089e3e13c6ad236a7d9dd993d119d1eeb532fd936b86b9c38cb7b6",
  "pins" : [
    {
      "identity" : "capnostreamkit",
      "kind" : "remoteSourceControl",
      "location" : "https://github.com/LinkAndreas/CapnostreamKit",
      "state" : {
        "revision" : "fe08e4014038986b52030884f6d9a69768dc981a",
        "version" : "1.2.0"
      }
    },
    {
      "identity" : "navigationkit",
      "kind" : "remoteSourceControl",
      "location" : "https://github.com/LinkAndreas/NavigationKit",
      "state" : {
        "revision" : "5f6259e15b7f4c7cdac8d15abd2b0bcac1ac135a",
        "version" : "2.1.0"
      }
    }
  ],
  "version" : 3
}
